
Microsoft Visual Studio Solution File, Format Version 12.00
# Visual Studio Version 16
VisualStudioVersion = 16.0.30611.23
MinimumVisualStudioVersion = 10.0.40219.1
Project("{FAE04EC0-301F-11D3-BF4B-00C04F79EFBC}") = "PrabeshWebApi", "PrabeshWebApi\PrabeshWebApi.csproj", "{57CF1158-F799-4229-BF26-D1F037F60A86}"
EndProject
Global
	GlobalSection(SolutionConfigurationPlatforms) = preSolution
		Debug|Any CPU = Debug|Any CPU
		Release|Any CPU = Release|Any CPU
	EndGlobalSection
	GlobalSection(ProjectConfigurationPlatforms) = postSolution
		{57CF1158-F799-4229-BF26-D1F037F60A86}.Debug|Any CPU.ActiveCfg = Debug|Any CPU
		{57CF1158-F799-4229-BF26-D1F037F60A86}.Debug|Any CPU.Build.0 = Debug|Any CPU
		{57CF1158-F799-4229-BF26-D1F037F60A86}.Release|Any CPU.ActiveCfg = Release|Any CPU
		{57CF1158-F799-4229-BF26-D1F037F60A86}.Release|Any CPU.Build.0 = Release|Any CPU
	EndGlobalSection
	GlobalSection(SolutionProperties) = preSolution
		HideSolutionNode = FALSE
	EndGlobalSection
	GlobalSection(ExtensibilityGlobals) = postSolution
		SolutionGuid = {D4A0E9CD-404B-45D8-A052-F24810D1396A}
	EndGlobalSection
EndGlobal
